
Microsoft Visual Studio Solution File, Format Version 12.00
# Visual Studio Version 16
VisualStudioVersion = 16.0.29609.76
MinimumVisualStudioVersion = 10.0.40219.1
Project("{FAE04EC0-301F-11D3-BF4B-00C04F79EFBC}") = "DipTestingExercises", "DipTestingExercises\DipTestingExercises.csproj", "{BFE1607B-5E35-4529-963D-B7560C388E2B}"
EndProject
Project("{FAE04EC0-301F-11D3-BF4B-00C04F79EFBC}") = "DipTestingExercisesTests", "DipTestingExercisesTests\DipTestingExercisesTests.csproj", "{9BF66316-1327-41A9-8082-3712E1C51BA4}"
EndProject
Global
	GlobalSection(SolutionConfigurationPlatforms) = preSolution
		Debug|Any CPU = Debug|Any CPU
		Release|Any CPU = Release|Any CPU
	EndGlobalSection
	GlobalSection(ProjectConfigurationPlatforms) = postSolution
		{BFE1607B-5E35-4529-963D-B7560C388E2B}.Debug|Any CPU.ActiveCfg = Debug|Any CPU
		{BFE1607B-5E35-4529-963D-B7560C388E2B}.Debug|Any CPU.Build.0 = Debug|Any CPU
		{BFE1607B-5E35-4529-963D-B7560C388E2B}.Release|Any CPU.ActiveCfg = Release|Any CPU
		{BFE1607B-5E35-4529-963D-B7560C388E2B}.Release|Any CPU.Build.0 = Release|Any CPU
		{9BF66316-1327-41A9-8082-3712E1C51BA4}.Debug|Any CPU.ActiveCfg = Debug|Any CPU
		{9BF66316-1327-41A9-8082-3712E1C51BA4}.Debug|Any CPU.Build.0 = Debug|Any CPU
		{9BF66316-1327-41A9-8082-3712E1C51BA4}.Release|Any CPU.ActiveCfg = Release|Any CPU
		{9BF66316-1327-41A9-8082-3712E1C51BA4}.Release|Any CPU.Build.0 = Release|Any CPU
	EndGlobalSection
	GlobalSection(SolutionProperties) = preSolution
		HideSolutionNode = FALSE
	EndGlobalSection
	GlobalSection(ExtensibilityGlobals) = postSolution
		SolutionGuid = {358E753D-010B-45EB-A6FB-4A9787E05043}
	EndGlobalSection
EndGlobal
